
Microsoft Visual Studio Solution File, Format Version 12.00
# Visual Studio 2012
Project("{FAE04EC0-301F-11D3-BF4B-00C04F79EFBC}") = "SpaceTapper", "SpaceTapper\SpaceTapper.csproj", "{9E3A2EA3-AB37-48A9-9479-BC37F2864741}"
EndProject
Global
	GlobalSection(SolutionConfigurationPlatforms) = preSolution
		Debug|x86 = Debug|x86
		Release|x86 = Release|x86
	EndGlobalSection
	GlobalSection(ProjectConfigurationPlatforms) = postSolution
		{9E3A2EA3-AB37-48A9-9479-BC37F2864741}.Debug|x86.ActiveCfg = Debug|x86
		{9E3A2EA3-AB37-48A9-9479-BC37F2864741}.Debug|x86.Build.0 = Debug|x86
		{9E3A2EA3-AB37-48A9-9479-BC37F2864741}.Release|x86.ActiveCfg = Release|x86
		{9E3A2EA3-AB37-48A9-9479-BC37F2864741}.Release|x86.Build.0 = Release|x86
	EndGlobalSection
	GlobalSection(MonoDevelopProperties) = preSolution
		StartupItem = SpaceTapper\SpaceTapper.csproj
	EndGlobalSection
EndGlobal
